
Microsoft Visual Studio Solution File, Format Version 12.00
# Visual Studio 15
VisualStudioVersion = 15.0.28010.2036
MinimumVisualStudioVersion = 10.0.40219.1
Project("{FAE04EC0-301F-11D3-BF4B-00C04F79EFBC}") = "WarframeAlertsNC", "WarframeAlertsNC\WarframeAlertsNC.csproj", "{B11C7620-228E-4B95-B9EB-3586149C2760}"
EndProject
Global
	GlobalSection(SolutionConfigurationPlatforms) = preSolution
		Debug|Any CPU = Debug|Any CPU
		Release|Any CPU = Release|Any CPU
	EndGlobalSection
	GlobalSection(ProjectConfigurationPlatforms) = postSolution
		{B11C7620-228E-4B95-B9EB-3586149C2760}.Debug|Any CPU.ActiveCfg = Debug|Any CPU
		{B11C7620-228E-4B95-B9EB-3586149C2760}.Debug|Any CPU.Build.0 = Debug|Any CPU
		{B11C7620-228E-4B95-B9EB-3586149C2760}.Release|Any CPU.ActiveCfg = Release|Any CPU
		{B11C7620-228E-4B95-B9EB-3586149C2760}.Release|Any CPU.Build.0 = Release|Any CPU
	EndGlobalSection
	GlobalSection(SolutionProperties) = preSolution
		HideSolutionNode = FALSE
	EndGlobalSection
	GlobalSection(ExtensibilityGlobals) = postSolution
		SolutionGuid = {45EE5D97-591A-4236-B205-F223417111C5}
	EndGlobalSection
EndGlobal
